{
  "requires": true,
  "lockfileVersion": 1,
  "dependencies": {
    "types-registry": {
      "version": "0.1.688",
      "resolved": "https://registry.npmjs.org/types-registry/-/types-registry-0.1.688.tgz",
      "integrity": "sha512-ZRGtlw+oIyorzSUC1RvvY/zhseH4cDMn+DRzX1j8gFxhdF0hMHn3o/nlB6wgRSr+lOt1jtwvaWftG/56w+J7EA=="
    }
  }
}
